
Microsoft Visual Studio Solution File, Format Version 10.00
# Visual Studio 2008
Project("{FAE04EC0-301F-11D3-BF4B-00C04F79EFBC}") = "ElegantIFTTT", "ElegantIFTTT.csproj", "{229A1890-7404-48CA-801F-BAD21D92E852}"
EndProject
Global
	GlobalSection(SolutionConfigurationPlatforms) = preSolution
		Debug|Any CPU = Debug|Any CPU
		Release|Any CPU = Release|Any CPU
	EndGlobalSection
	GlobalSection(ProjectConfigurationPlatforms) = postSolution
		{229A1890-7404-48CA-801F-BAD21D92E852}.Debug|Any CPU.ActiveCfg = Debug|Any CPU
		{229A1890-7404-48CA-801F-BAD21D92E852}.Debug|Any CPU.Build.0 = Debug|Any CPU
		{229A1890-7404-48CA-801F-BAD21D92E852}.Release|Any CPU.ActiveCfg = Release|Any CPU
		{229A1890-7404-48CA-801F-BAD21D92E852}.Release|Any CPU.Build.0 = Release|Any CPU
	EndGlobalSection
	GlobalSection(SolutionProperties) = preSolution
		HideSolutionNode = FALSE
	EndGlobalSection
EndGlobal
